{
  "version": 4,
  "terraform_version": "1.6.6",
  "serial": 9,
  "lineage": "f59483d4-bd92-1c29-efe1-e96b8fe4540a",
  "outputs": {},
  "resources": [
    {
      "mode": "data",
      "type": "archive_file",
      "name": "lambda_function_zip",
      "provider": "provider[\"registry.terraform.io/hashicorp/archive\"]",
      "instances": [
        {
          "schema_version": 0,
          "attributes": {
            "exclude_symlink_directories": null,
            "excludes": null,
            "id": "a1c0a4818ba02b0e8298574a247b75bea5f7031b",
            "output_base64sha256": "RxcPhyLnyj98m+CYtqSSSRjO5KvmLRi87+W8VY+QuX8=",
            "output_base64sha512": "LUT7J0aDcWSAHaMFJNqDSaC6tJHSa8GWWSyIQ+nSBfqmUL+TZHLjdjIYJljKIIYV16jKGpVantVRUkzy1bz4gA==",
            "output_file_mode": null,
            "output_md5": "bf54bbc80634f391abe036a538b19bf7",
            "output_path": "python_file/lambda_file.zip",
            "output_sha": "a1c0a4818ba02b0e8298574a247b75bea5f7031b",
            "output_sha256": "47170f8722e7ca3f7c9be098b6a4924918cee4abe62d18bcefe5bc558f90b97f",
            "output_sha512": "2d44fb2746837164801da30524da8349a0bab491d26bc196592c8843e9d205faa650bf936472e37632182658ca208615d7a8ca1a955a9ed551524cf2d5bcf880",
            "output_size": 603,
            "source": [],
            "source_content": null,
            "source_content_filename": null,
            "source_dir": null,
            "source_file": "python_file/lambda_file.py",
            "type": "zip"
          },
          "sensitive_attributes": []
        }
      ]
    },
    {
      "mode": "data",
      "type": "aws_s3_bucket",
      "name": "existing_bucket",
      "provider": "provider[\"registry.terraform.io/hashicorp/aws\"]",
      "instances": [
        {
          "schema_version": 0,
          "attributes": {
            "arn": "arn:aws:s3:::pravesh-city-data",
            "bucket": "pravesh-city-data",
            "bucket_domain_name": "pravesh-city-data.s3.amazonaws.com",
            "bucket_regional_domain_name": "pravesh-city-data.s3.us-east-1.amazonaws.com",
            "hosted_zone_id": "Z3AQBSTGFYJSTF",
            "id": "pravesh-city-data",
            "region": "us-east-1",
            "website_domain": null,
            "website_endpoint": null
          },
          "sensitive_attributes": []
        }
      ]
    },
    {
      "mode": "managed",
      "type": "aws_lambda_function",
      "name": "example_lambda",
      "provider": "provider[\"registry.terraform.io/hashicorp/aws\"]",
      "instances": [
        {
          "schema_version": 0,
          "attributes": {
            "architectures": [
              "x86_64"
            ],
            "arn": "arn:aws:lambda:us-east-1:736370134088:function:tera_cp_test2",
            "code_signing_config_arn": "",
            "dead_letter_config": [],
            "description": "",
            "environment": [
              {
                "variables": {
                  "bucket": "city_data12234",
                  "data_tes": "testing"
                }
              }
            ],
            "ephemeral_storage": [
              {
                "size": 512
              }
            ],
            "file_system_config": [],
            "filename": "python_file/lambda_file.zip",
            "function_name": "tera_cp_test2",
            "handler": "lambda_file.lambda_handler",
            "id": "tera_cp_test2",
            "image_config": [],
            "image_uri": "",
            "invoke_arn": "arn:aws:apigateway:us-east-1:lambda:path/2015-03-31/functions/arn:aws:lambda:us-east-1:736370134088:function:tera_cp_test2/invocations",
            "kms_key_arn": "",
            "last_modified": "2024-01-22T10:58:56.215+0000",
            "layers": null,
            "logging_config": [
              {
                "application_log_level": "",
                "log_format": "Text",
                "log_group": "/aws/lambda/tera_cp_test2",
                "system_log_level": ""
              }
            ],
            "memory_size": 128,
            "package_type": "Zip",
            "publish": false,
            "qualified_arn": "arn:aws:lambda:us-east-1:736370134088:function:tera_cp_test2:$LATEST",
            "qualified_invoke_arn": "arn:aws:apigateway:us-east-1:lambda:path/2015-03-31/functions/arn:aws:lambda:us-east-1:736370134088:function:tera_cp_test2:$LATEST/invocations",
            "replace_security_groups_on_destroy": null,
            "replacement_security_group_ids": null,
            "reserved_concurrent_executions": -1,
            "role": "arn:aws:iam::736370134088:role/service-role/upload_files-role-hlzysb9l",
            "runtime": "python3.11",
            "s3_bucket": null,
            "s3_key": null,
            "s3_object_version": null,
            "signing_job_arn": "",
            "signing_profile_version_arn": "",
            "skip_destroy": false,
            "snap_start": [],
            "source_code_hash": "RxcPhyLnyj98m+CYtqSSSRjO5KvmLRi87+W8VY+QuX8=",
            "source_code_size": 603,
            "tags": null,
            "tags_all": {},
            "timeout": 3,
            "timeouts": null,
            "tracing_config": [
              {
                "mode": "PassThrough"
              }
            ],
            "version": "$LATEST",
            "vpc_config": []
          },
          "sensitive_attributes": [],
          "private": "eyJlMmJmYjczMC1lY2FhLTExZTYtOGY4OC0zNDM2M2JjN2M0YzAiOnsiY3JlYXRlIjo2MDAwMDAwMDAwMDAsImRlbGV0ZSI6NjAwMDAwMDAwMDAwLCJ1cGRhdGUiOjYwMDAwMDAwMDAwMH19",
          "dependencies": [
            "data.archive_file.lambda_function_zip"
          ]
        }
      ]
    }
  ],
  "check_results": null
}
